// !$*UTF8*$!
{
	archiveVersion = 1;
	classes = {
	};
	objectVersion = 55;
	objects = {

/* Begin PBXBuildFile section */
		B700AD3A28D68C8500035535 /* NuevoProducto.swift in Sources */ = {isa = PBXBuildFile; fileRef = B700AD3928D68C8500035535 /* NuevoProducto.swift */; };
		B700AD3C28D68F6A00035535 /* IngresoProducto.swift in Sources */ = {isa = PBXBuildFile; fileRef = B700AD3B28D68F6A00035535 /* IngresoProducto.swift */; };
		B75FE54328AB4DCE0025157C /* ElSantoApp.swift in Sources */ = {isa = PBXBuildFile; fileRef = B75FE54228AB4DCE0025157C /* ElSantoApp.swift */; };
		B75FE54528AB4DCE0025157C /* ContentView.swift in Sources */ = {isa = PBXBuildFile; fileRef = B75FE54428AB4DCE0025157C /* ContentView.swift */; };
		B75FE54728AB4DCF0025157C /* Assets.xcassets in Resources */ = {isa = PBXBuildFile; fileRef = B75FE54628AB4DCF0025157C /* Assets.xcassets */; };
		B75FE54A28AB4DCF0025157C /* Preview Assets.xcassets in Resources */ = {isa = PBXBuildFile; fileRef = B75FE54928AB4DCF0025157C /* Preview Assets.xcassets */; };
		B7DB8D7F28BABFBD000DB426 /* Boletas.swift in Sources */ = {isa = PBXBuildFile; fileRef = B7DB8D7E28BABFBD000DB426 /* Boletas.swift */; };
		B7DB8D8128BACE84000DB426 /* Historico.swift in Sources */ = {isa = PBXBuildFile; fileRef = B7DB8D8028BACE84000DB426 /* Historico.swift */; };
		B7DB8D8328BACE91000DB426 /* Precios.swift in Sources */ = {isa = PBXBuildFile; fileRef = B7DB8D8228BACE91000DB426 /* Precios.swift */; };
		B7DD4EAD28DD49F60063A9F8 /* Historial.xcdatamodeld in Sources */ = {isa = PBXBuildFile; fileRef = B7DD4EAB28DD49F60063A9F8 /* Historial.xcdatamodeld */; };
		B7DD4EAF28DD4B160063A9F8 /* DataController.swift in Sources */ = {isa = PBXBuildFile; fileRef = B7DD4EAE28DD4B160063A9F8 /* DataController.swift */; };
		B7DD4EB128DD61FB0063A9F8 /* Lista.swift in Sources */ = {isa = PBXBuildFile; fileRef = B7DD4EB028DD61FB0063A9F8 /* Lista.swift */; };
/* End PBXBuildFile section */

/* Begin PBXFileReference section */
		B700AD3928D68C8500035535 /* NuevoProducto.swift */ = {isa = PBXFileReference; lastKnownFileType = sourcecode.swift; path = NuevoProducto.swift; sourceTree = "<group>"; };
		B700AD3B28D68F6A00035535 /* IngresoProducto.swift */ = {isa = PBXFileReference; lastKnownFileType = sourcecode.swift; path = IngresoProducto.swift; sourceTree = "<group>"; };
		B75FE53F28AB4DCE0025157C /* ElSanto.app */ = {isa = PBXFileReference; explicitFileType = wrapper.application; includeInIndex = 0; path = ElSanto.app; sourceTree = BUILT_PRODUCTS_DIR; };
		B75FE54228AB4DCE0025157C /* ElSantoApp.swift */ = {isa = PBXFileReference; lastKnownFileType = sourcecode.swift; path = ElSantoApp.swift; sourceTree = "<group>"; };
		B75FE54428AB4DCE0025157C /* ContentView.swift */ = {isa = PBXFileReference; lastKnownFileType = sourcecode.swift; path = ContentView.swift; sourceTree = "<group>"; };
		B75FE54628AB4DCF0025157C /* Assets.xcassets */ = {isa = PBXFileReference; lastKnownFileType = folder.assetcatalog; path = Assets.xcassets; sourceTree = "<group>"; };
		B75FE54928AB4DCF0025157C /* Preview Assets.xcassets */ = {isa = PBXFileReference; lastKnownFileType = folder.assetcatalog; path = "Preview Assets.xcassets"; sourceTree = "<group>"; };
		B7DB8D7E28BABFBD000DB426 /* Boletas.swift */ = {isa = PBXFileReference; lastKnownFileType = sourcecode.swift; path = Boletas.swift; sourceTree = "<group>"; };
		B7DB8D8028BACE84000DB426 /* Historico.swift */ = {isa = PBXFileReference; lastKnownFileType = sourcecode.swift; path = Historico.swift; sourceTree = "<group>"; };
		B7DB8D8228BACE91000DB426 /* Precios.swift */ = {isa = PBXFileReference; lastKnownFileType = sourcecode.swift; path = Precios.swift; sourceTree = "<group>"; };
		B7DD4EAC28DD49F60063A9F8 /* Historial.xcdatamodel */ = {isa = PBXFileReference; lastKnownFileType = wrapper.xcdatamodel; path = Historial.xcdatamodel; sourceTree = "<group>"; };
		B7DD4EAE28DD4B160063A9F8 /* DataController.swift */ = {isa = PBXFileReference; lastKnownFileType = sourcecode.swift; path = DataController.swift; sourceTree = "<group>"; };
		B7DD4EB028DD61FB0063A9F8 /* Lista.swift */ = {isa = PBXFileReference; lastKnownFileType = sourcecode.swift; path = Lista.swift; sourceTree = "<group>"; };
/* End PBXFileReference section */

/* Begin PBXFrameworksBuildPhase section */
		B75FE53C28AB4DCE0025157C /* Frameworks */ = {
			isa = PBXFrameworksBuildPhase;
			buildActionMask = 2147483647;
			files = (
			);
			runOnlyForDeploymentPostprocessing = 0;
		};
/* End PBXFrameworksBuildPhase section */

/* Begin PBXGroup section */
		B75FE53628AB4DCE0025157C = {
			isa = PBXGroup;
			children = (
				B75FE54128AB4DCE0025157C /* ElSanto */,
				B75FE54028AB4DCE0025157C /* Products */,
			);
			sourceTree = "<group>";
		};
		B75FE54028AB4DCE0025157C /* Products */ = {
			isa = PBXGroup;
			children = (
				B75FE53F28AB4DCE0025157C /* ElSanto.app */,
			);
			name = Products;
			sourceTree = "<group>";
		};
		B75FE54128AB4DCE0025157C /* ElSanto */ = {
			isa = PBXGroup;
			children = (
				B75FE54228AB4DCE0025157C /* ElSantoApp.swift */,
				B75FE54428AB4DCE0025157C /* ContentView.swift */,
				B7DD4EB228DD620E0063A9F8 /* First */,
				B7DD4EAB28DD49F60063A9F8 /* Historial.xcdatamodeld */,
				B7DD4EAE28DD4B160063A9F8 /* DataController.swift */,
				B75FE54628AB4DCF0025157C /* Assets.xcassets */,
				B75FE54828AB4DCF0025157C /* Preview Content */,
			);
			path = ElSanto;
			sourceTree = "<group>";
		};
		B75FE54828AB4DCF0025157C /* Preview Content */ = {
			isa = PBXGroup;
			children = (
				B75FE54928AB4DCF0025157C /* Preview Assets.xcassets */,
			);
			path = "Preview Content";
			sourceTree = "<group>";
		};
		B7DD4EB228DD620E0063A9F8 /* First */ = {
			isa = PBXGroup;
			children = (
				B7DB8D7E28BABFBD000DB426 /* Boletas.swift */,
				B7DB8D8028BACE84000DB426 /* Historico.swift */,
				B700AD3928D68C8500035535 /* NuevoProducto.swift */,
				B7DD4EB328DD62460063A9F8 /* Productos */,
			);
			path = First;
			sourceTree = "<group>";
		};
		B7DD4EB328DD62460063A9F8 /* Productos */ = {
			isa = PBXGroup;
			children = (
				B7DB8D8228BACE91000DB426 /* Precios.swift */,
				B700AD3B28D68F6A00035535 /* IngresoProducto.swift */,
				B7DD4EB028DD61FB0063A9F8 /* Lista.swift */,
			);
			path = Productos;
			sourceTree = "<group>";
		};
/* End PBXGroup section */

/* Begin PBXNativeTarget section */
		B75FE53E28AB4DCE0025157C /* ElSanto */ = {
			isa = PBXNativeTarget;
			buildConfigurationList = B75FE54D28AB4DCF0025157C /* Build configuration list for PBXNativeTarget "ElSanto" */;
			buildPhases = (
				B75FE53B28AB4DCE0025157C /* Sources */,
				B75FE53C28AB4DCE0025157C /* Frameworks */,
				B75FE53D28AB4DCE0025157C /* Resources */,
			);
			buildRules = (
			);
			dependencies = (
			);
			name = ElSanto;
			productName = ElSanto;
			productReference = B75FE53F28AB4DCE0025157C /* ElSanto.app */;
			productType = "com.apple.product-type.application";
		};
/* End PBXNativeTarget section */

/* Begin PBXProject section */
		B75FE53728AB4DCE0025157C /* Project object */ = {
			isa = PBXProject;
			attributes = {
				BuildIndependentTargetsInParallel = 1;
				LastSwiftUpdateCheck = 1340;
				LastUpgradeCheck = 1340;
				TargetAttributes = {
					B75FE53E28AB4DCE0025157C = {
						CreatedOnToolsVersion = 13.4.1;
					};
				};
			};
			buildConfigurationList = B75FE53A28AB4DCE0025157C /* Build configuration list for PBXProject "ElSanto" */;
			compatibilityVersion = "Xcode 13.0";
			developmentRegion = en;
			hasScannedForEncodings = 0;
			knownRegions = (
				en,
				Base,
			);
			mainGroup = B75FE53628AB4DCE0025157C;
			productRefGroup = B75FE54028AB4DCE0025157C /* Products */;
			projectDirPath = "";
			projectRoot = "";
			targets = (
				B75FE53E28AB4DCE0025157C /* ElSanto */,
			);
		};
/* End PBXProject section */

/* Begin PBXResourcesBuildPhase section */
		B75FE53D28AB4DCE0025157C /* Resources */ = {
			isa = PBXResourcesBuildPhase;
			buildActionMask = 2147483647;
			files = (
				B75FE54A28AB4DCF0025157C /* Preview Assets.xcassets in Resources */,
				B75FE54728AB4DCF0025157C /* Assets.xcassets in Resources */,
			);
			runOnlyForDeploymentPostprocessing = 0;
		};
/* End PBXResourcesBuildPhase section */

/* Begin PBXSourcesBuildPhase section */
		B75FE53B28AB4DCE0025157C /* Sources */ = {
			isa = PBXSourcesBuildPhase;
			buildActionMask = 2147483647;
			files = (
				B700AD3C28D68F6A00035535 /* IngresoProducto.swift in Sources */,
				B7DB8D7F28BABFBD000DB426 /* Boletas.swift in Sources */,
				B75FE54528AB4DCE0025157C /* ContentView.swift in Sources */,
				B7DD4EB128DD61FB0063A9F8 /* Lista.swift in Sources */,
				B7DB8D8128BACE84000DB426 /* Historico.swift in Sources */,
				B7DD4EAF28DD4B160063A9F8 /* DataController.swift in Sources */,
				B700AD3A28D68C8500035535 /* NuevoProducto.swift in Sources */,
				B7DD4EAD28DD49F60063A9F8 /* Historial.xcdatamodeld in Sources */,
				B75FE54328AB4DCE0025157C /* ElSantoApp.swift in Sources */,
				B7DB8D8328BACE91000DB426 /* Precios.swift in Sources */,
			);
			runOnlyForDeploymentPostprocessing = 0;
		};
/* End PBXSourcesBuildPhase section */

/* Begin XCBuildConfiguration section */
		B75FE54B28AB4DCF0025157C /* Debug */ = {
			isa = XCBuildConfiguration;
			buildSettings = {
				ALWAYS_SEARCH_USER_PATHS = NO;
				CLANG_ANALYZER_NONNULL = YES;
				CLANG_ANALYZER_NUMBER_OBJECT_CONVERSION = YES_AGGRESSIVE;
				CLANG_CXX_LANGUAGE_STANDARD = "gnu++17";
				CLANG_ENABLE_MODULES = YES;
				CLANG_ENABLE_OBJC_ARC = YES;
				CLANG_ENABLE_OBJC_WEAK = YES;
				CLANG_WARN_BLOCK_CAPTURE_AUTORELEASING = YES;
				CLANG_WARN_BOOL_CONVERSION = YES;
				CLANG_WARN_COMMA = YES;
				CLANG_WARN_CONSTANT_CONVERSION = YES;
				CLANG_WARN_DEPRECATED_OBJC_IMPLEMENTATIONS = YES;
				CLANG_WARN_DIRECT_OBJC_ISA_USAGE = YES_ERROR;
				CLANG_WARN_DOCUMENTATION_COMMENTS = YES;
				CLANG_WARN_EMPTY_BODY = YES;
				CLANG_WARN_ENUM_CONVERSION = YES;
				CLANG_WARN_INFINITE_RECURSION = YES;
				CLANG_WARN_INT_CONVERSION = YES;
				CLANG_WARN_NON_LITERAL_NULL_CONVERSION = YES;
				CLANG_WARN_OBJC_IMPLICIT_RETAIN_SELF = YES;
				CLANG_WARN_OBJC_LITERAL_CONVERSION = YES;
				CLANG_WARN_OBJC_ROOT_CLASS = YES_ERROR;
				CLANG_WARN_QUOTED_INCLUDE_IN_FRAMEWORK_HEADER = YES;
				CLANG_WARN_RANGE_LOOP_ANALYSIS = YES;
				CLANG_WARN_STRICT_PROTOTYPES = YES;
				CLANG_WARN_SUSPICIOUS_MOVE = YES;
				CLANG_WARN_UNGUARDED_AVAILABILITY = YES_AGGRESSIVE;
				CLANG_WARN_UNREACHABLE_CODE = YES;
				CLANG_WARN__DUPLICATE_METHOD_MATCH = YES;
				COPY_PHASE_STRIP = NO;
				DEBUG_INFORMATION_FORMAT = dwarf;
				ENABLE_STRICT_OBJC_MSGSEND = YES;
				ENABLE_TESTABILITY = YES;
				GCC_C_LANGUAGE_STANDARD = gnu11;
				GCC_DYNAMIC_NO_PIC = NO;
				GCC_NO_COMMON_BLOCKS = YES;
				GCC_OPTIMIZATION_LEVEL = 0;
				GCC_PREPROCESSOR_DEFINITIONS = (
					"DEBUG=1",
					"$(inherited)",
				);
				GCC_WARN_64_TO_32_BIT_CONVERSION = YES;
				GCC_WARN_ABOUT_RETURN_TYPE = YES_ERROR;
				GCC_WARN_UNDECLARED_SELECTOR = YES;
				GCC_WARN_UNINITIALIZED_AUTOS = YES_AGGRESSIVE;
				GCC_WARN_UNUSED_FUNCTION = YES;
				GCC_WARN_UNUSED_VARIABLE = YES;
				IPHONEOS_DEPLOYMENT_TARGET = 15.5;
				MTL_ENABLE_DEBUG_INFO = INCLUDE_SOURCE;
				MTL_FAST_MATH = YES;
				ONLY_ACTIVE_ARCH = YES;
				SDKROOT = iphoneos;
				SWIFT_ACTIVE_COMPILATION_CONDITIONS = DEBUG;
				SWIFT_OPTIMIZATION_LEVEL = "-Onone";
			};
			name = Debug;
		};
		B75FE54C28AB4DCF0025157C /* Release */ = {
			isa = XCBuildConfiguration;
			buildSettings = {
				ALWAYS_SEARCH_USER_PATHS = NO;
				CLANG_ANALYZER_NONNULL = YES;
				CLANG_ANALYZER_NUMBER_OBJECT_CONVERSION = YES_AGGRESSIVE;
				CLANG_CXX_LANGUAGE_STANDARD = "gnu++17";
				CLANG_ENABLE_MODULES = YES;
				CLANG_ENABLE_OBJC_ARC = YES;
				CLANG_ENABLE_OBJC_WEAK = YES;
				CLANG_WARN_BLOCK_CAPTURE_AUTORELEASING = YES;
				CLANG_WARN_BOOL_CONVERSION = YES;
				CLANG_WARN_COMMA = YES;
				CLANG_WARN_CONSTANT_CONVERSION = YES;
				CLANG_WARN_DEPRECATED_OBJC_IMPLEMENTATIONS = YES;
				CLANG_WARN_DIRECT_OBJC_ISA_USAGE = YES_ERROR;
				CLANG_WARN_DOCUMENTATION_COMMENTS = YES;
				CLANG_WARN_EMPTY_BODY = YES;
				CLANG_WARN_ENUM_CONVERSION = YES;
				CLANG_WARN_INFINITE_RECURSION = YES;
				CLANG_WARN_INT_CONVERSION = YES;
				CLANG_WARN_NON_LITERAL_NULL_CONVERSION = YES;
				CLANG_WARN_OBJC_IMPLICIT_RETAIN_SELF = YES;
				CLANG_WARN_OBJC_LITERAL_CONVERSION = YES;
				CLANG_WARN_OBJC_ROOT_CLASS = YES_ERROR;
				CLANG_WARN_QUOTED_INCLUDE_IN_FRAMEWORK_HEADER = YES;
				CLANG_WARN_RANGE_LOOP_ANALYSIS = YES;
				CLANG_WARN_STRICT_PROTOTYPES = YES;
				CLANG_WARN_SUSPICIOUS_MOVE = YES;
				CLANG_WARN_UNGUARDED_AVAILABILITY = YES_AGGRESSIVE;
				CLANG_WARN_UNREACHABLE_CODE = YES;
				CLANG_WARN__DUPLICATE_METHOD_MATCH = YES;
				COPY_PHASE_STRIP = NO;
				DEBUG_INFORMATION_FORMAT = "dwarf-with-dsym";
				ENABLE_NS_ASSERTIONS = NO;
				ENABLE_STRICT_OBJC_MSGSEND = YES;
				GCC_C_LANGUAGE_STANDARD = gnu11;
				GCC_NO_COMMON_BLOCKS = YES;
				GCC_WARN_64_TO_32_BIT_CONVERSION = YES;
				GCC_WARN_ABOUT_RETURN_TYPE = YES_ERROR;
				GCC_WARN_UNDECLARED_SELECTOR = YES;
				GCC_WARN_UNINITIALIZED_AUTOS = YES_AGGRESSIVE;
				GCC_WARN_UNUSED_FUNCTION = YES;
				GCC_WARN_UNUSED_VARIABLE = YES;
				IPHONEOS_DEPLOYMENT_TARGET = 15.5;
				MTL_ENABLE_DEBUG_INFO = NO;
				MTL_FAST_MATH = YES;
				SDKROOT = iphoneos;
				SWIFT_COMPILATION_MODE = wholemodule;
				SWIFT_OPTIMIZATION_LEVEL = "-O";
				VALIDATE_PRODUCT = YES;
			};
			name = Release;
		};
		B75FE54E28AB4DCF0025157C /* Debug */ = {
			isa = XCBuildConfiguration;
			buildSettings = {
				ASSETCATALOG_COMPILER_APPICON_NAME = AppIcon;
				ASSETCATALOG_COMPILER_GLOBAL_ACCENT_COLOR_NAME = AccentColor;
				CODE_SIGN_STYLE = Automatic;
				CURRENT_PROJECT_VERSION = 1;
				DEVELOPMENT_ASSET_PATHS = "\"ElSanto/Preview Content\"";
				DEVELOPMENT_TEAM = 96P56573X3;
				ENABLE_PREVIEWS = YES;
				GENERATE_INFOPLIST_FILE = YES;
				INFOPLIST_KEY_UIApplicationSceneManifest_Generation = YES;
				INFOPLIST_KEY_UIApplicationSupportsIndirectInputEvents = YES;
				INFOPLIST_KEY_UILaunchScreen_Generation = YES;
				INFOPLIST_KEY_UISupportedInterfaceOrientations_iPad = "UIInterfaceOrientationPortrait UIInterfaceOrientationPortraitUpsideDown UIInterfaceOrientationLandscapeLeft UIInterfaceOrientationLandscapeRight";
				INFOPLIST_KEY_UISupportedInterfaceOrientations_iPhone = "UIInterfaceOrientationPortrait UIInterfaceOrientationLandscapeLeft UIInterfaceOrientationLandscapeRight";
				LD_RUNPATH_SEARCH_PATHS = (
					"$(inherited)",
					"@executable_path/Frameworks",
				);
				MARKETING_VERSION = 1.0;
				PRODUCT_BUNDLE_IDENTIFIER = MFedeGarcia.ElSanto;
				PRODUCT_NAME = "$(TARGET_NAME)";
				SWIFT_EMIT_LOC_STRINGS = YES;
				SWIFT_VERSION = 5.0;
				TARGETED_DEVICE_FAMILY = "1,2";
			};
			name = Debug;
		};
		B75FE54F28AB4DCF0025157C /* Release */ = {
			isa = XCBuildConfiguration;
			buildSettings = {
				ASSETCATALOG_COMPILER_APPICON_NAME = AppIcon;
				ASSETCATALOG_COMPILER_GLOBAL_ACCENT_COLOR_NAME = AccentColor;
				CODE_SIGN_STYLE = Automatic;
				CURRENT_PROJECT_VERSION = 1;
				DEVELOPMENT_ASSET_PATHS = "\"ElSanto/Preview Content\"";
				DEVELOPMENT_TEAM = 96P56573X3;
				ENABLE_PREVIEWS = YES;
				GENERATE_INFOPLIST_FILE = YES;
				INFOPLIST_KEY_UIApplicationSceneManifest_Generation = YES;
				INFOPLIST_KEY_UIApplicationSupportsIndirectInputEvents = YES;
				INFOPLIST_KEY_UILaunchScreen_Generation = YES;
				INFOPLIST_KEY_UISupportedInterfaceOrientations_iPad = "UIInterfaceOrientationPortrait UIInterfaceOrientationPortraitUpsideDown UIInterfaceOrientationLandscapeLeft UIInterfaceOrientationLandscapeRight";
				INFOPLIST_KEY_UISupportedInterfaceOrientations_iPhone = "UIInterfaceOrientationPortrait UIInterfaceOrientationLandscapeLeft UIInterfaceOrientationLandscapeRight";
				LD_RUNPATH_SEARCH_PATHS = (
					"$(inherited)",
					"@executable_path/Frameworks",
				);
				MARKETING_VERSION = 1.0;
				PRODUCT_BUNDLE_IDENTIFIER = MFedeGarcia.ElSanto;
				PRODUCT_NAME = "$(TARGET_NAME)";
				SWIFT_EMIT_LOC_STRINGS = YES;
				SWIFT_VERSION = 5.0;
				TARGETED_DEVICE_FAMILY = "1,2";
			};
			name = Release;
		};
/* End XCBuildConfiguration section */

/* Begin XCConfigurationList section */
		B75FE53A28AB4DCE0025157C /* Build configuration list for PBXProject "ElSanto" */ = {
			isa = XCConfigurationList;
			buildConfigurations = (
				B75FE54B28AB4DCF0025157C /* Debug */,
				B75FE54C28AB4DCF0025157C /* Release */,
			);
			defaultConfigurationIsVisible = 0;
			defaultConfigurationName = Release;
		};
		B75FE54D28AB4DCF0025157C /* Build configuration list for PBXNativeTarget "ElSanto" */ = {
			isa = XCConfigurationList;
			buildConfigurations = (
				B75FE54E28AB4DCF0025157C /* Debug */,
				B75FE54F28AB4DCF0025157C /* Release */,
			);
			defaultConfigurationIsVisible = 0;
			defaultConfigurationName = Release;
		};
/* End XCConfigurationList section */

/* Begin XCVersionGroup section */
		B7DD4EAB28DD49F60063A9F8 /* Historial.xcdatamodeld */ = {
			isa = XCVersionGroup;
			children = (
				B7DD4EAC28DD49F60063A9F8 /* Historial.xcdatamodel */,
			);
			currentVersion = B7DD4EAC28DD49F60063A9F8 /* Historial.xcdatamodel */;
			path = Historial.xcdatamodeld;
			sourceTree = "<group>";
			versionGroupType = wrapper.xcdatamodel;
		};
/* End XCVersionGroup section */
	};
	rootObject = B75FE53728AB4DCE0025157C /* Project object */;
}
